
Microsoft Visual Studio Solution File, Format Version 12.00
# Visual Studio Version 17
VisualStudioVersion = 17.0.31903.59
MinimumVisualStudioVersion = 10.0.40219.1
Project("{FAE04EC0-301F-11D3-BF4B-00C04F79EFBC}") = "Exercicio1", "Exercicio1\Exercicio1.csproj", "{96F4DB42-1061-469F-A3F1-870E5A2CF2C0}"
EndProject
Project("{FAE04EC0-301F-11D3-BF4B-00C04F79EFBC}") = "Exercicio2", "Exercicio2\Exercicio2.csproj", "{CF30F6D6-4A20-40E5-BFBD-5FE7B0C56B2D}"
EndProject
Project("{FAE04EC0-301F-11D3-BF4B-00C04F79EFBC}") = "Exercicio3", "Exercicio3\Exercicio3.csproj", "{A2F425C1-6842-4720-BF86-0756D6C80F45}"
EndProject
Project("{FAE04EC0-301F-11D3-BF4B-00C04F79EFBC}") = "Exercicio4", "Exercicio4\Exercicio4.csproj", "{8C09EEC8-3BA8-4D58-8662-D39A53F432CE}"
EndProject
Project("{FAE04EC0-301F-11D3-BF4B-00C04F79EFBC}") = "Exercicio5", "Exercicio5\Exercicio5.csproj", "{929288BA-0986-48C6-A2B7-CD5DE5311B0D}"
EndProject
Project("{FAE04EC0-301F-11D3-BF4B-00C04F79EFBC}") = "Exercicio6", "Exercicio6\Exercicio6.csproj", "{1227DCAF-997E-4F04-B1ED-5445BB16E090}"
EndProject
Project("{FAE04EC0-301F-11D3-BF4B-00C04F79EFBC}") = "Exercicio7", "Exercicio7\Exercicio7.csproj", "{60937780-5F7E-47A3-A209-A1DE9D8E1041}"
EndProject
Project("{FAE04EC0-301F-11D3-BF4B-00C04F79EFBC}") = "Exercicio8", "Exercicio8\Exercicio8.csproj", "{A01A1D03-A460-40B4-BF95-25F53A05B6FF}"
EndProject
Project("{FAE04EC0-301F-11D3-BF4B-00C04F79EFBC}") = "Exercicio9", "Exercicio9\Exercicio9.csproj", "{B6C6DB2F-6303-4D76-915A-3267B615A447}"
EndProject
Project("{FAE04EC0-301F-11D3-BF4B-00C04F79EFBC}") = "Exercicio10", "Exercicio10\Exercicio10.csproj", "{BD40D943-AAAD-4C47-9DF5-AEA79A22EEA4}"
EndProject
Project("{FAE04EC0-301F-11D3-BF4B-00C04F79EFBC}") = "Exercicio11", "Exercicio11\Exercicio11.csproj", "{13B9DB4F-05E6-4B5E-B9E7-58A75BB8AE39}"
EndProject
Project("{FAE04EC0-301F-11D3-BF4B-00C04F79EFBC}") = "Exercicio12", "Exercicio12\Exercicio12.csproj", "{3E0D3B55-63CB-4C2A-8670-3C0D0769791A}"
EndProject
Project("{FAE04EC0-301F-11D3-BF4B-00C04F79EFBC}") = "Exercicio13", "Exercicio13\Exercicio13.csproj", "{454E2DF2-7332-4669-A770-06702C52E6AD}"
EndProject
Project("{FAE04EC0-301F-11D3-BF4B-00C04F79EFBC}") = "Exercicio14", "Exercicio14\Exercicio14.csproj", "{94436DB1-1DA6-408A-AD84-D086DA61E67F}"
EndProject
Project("{FAE04EC0-301F-11D3-BF4B-00C04F79EFBC}") = "Exercicio15", "Exercicio15\Exercicio15.csproj", "{53744137-A83B-4C80-91B7-569BFD7145F3}"
EndProject
Project("{FAE04EC0-301F-11D3-BF4B-00C04F79EFBC}") = "Exercicio16", "Exercicio16\Exercicio16.csproj", "{6531B93F-2DAA-4EBE-8FC0-B07585DF4F96}"
EndProject
Project("{FAE04EC0-301F-11D3-BF4B-00C04F79EFBC}") = "Exercicio17", "Exercicio17\Exercicio17.csproj", "{B433EFE6-58A9-4869-B1CF-A68EB208DF6D}"
EndProject
Project("{FAE04EC0-301F-11D3-BF4B-00C04F79EFBC}") = "Exercicio18", "Exercicio18\Exercicio18.csproj", "{987D7967-26A7-4938-97A9-0AD2E220443C}"
EndProject
Project("{FAE04EC0-301F-11D3-BF4B-00C04F79EFBC}") = "Exercicio19", "Exercicio19\Exercicio19.csproj", "{45C7D50A-6C73-4185-BB61-3C7C59DFE060}"
EndProject
Project("{FAE04EC0-301F-11D3-BF4B-00C04F79EFBC}") = "Exercicio20", "Exercicio20\Exercicio20.csproj", "{C4C79A31-A91B-47C6-9611-4C88B99B1A56}"
EndProject
Project("{FAE04EC0-301F-11D3-BF4B-00C04F79EFBC}") = "Exercicio21", "Exercicio21\Exercicio21.csproj", "{8A39BA8B-7D6C-4100-AFF0-6484743BFC64}"
EndProject
Project("{FAE04EC0-301F-11D3-BF4B-00C04F79EFBC}") = "Exercicio22", "Exercicio22\Exercicio22.csproj", "{D74E4C71-4C89-4F44-80D0-18DFC88A4F90}"
EndProject
Project("{FAE04EC0-301F-11D3-BF4B-00C04F79EFBC}") = "Exercicio23", "Exercicio23\Exercicio23.csproj", "{8C87A95F-0D9D-454D-91F9-A1EE99858EFA}"
EndProject
Global
	GlobalSection(SolutionConfigurationPlatforms) = preSolution
		Debug|Any CPU = Debug|Any CPU
		Release|Any CPU = Release|Any CPU
	EndGlobalSection
	GlobalSection(ProjectConfigurationPlatforms) = postSolution
		{96F4DB42-1061-469F-A3F1-870E5A2CF2C0}.Debug|Any CPU.ActiveCfg = Debug|Any CPU
		{96F4DB42-1061-469F-A3F1-870E5A2CF2C0}.Debug|Any CPU.Build.0 = Debug|Any CPU
		{96F4DB42-1061-469F-A3F1-870E5A2CF2C0}.Release|Any CPU.ActiveCfg = Release|Any CPU
		{96F4DB42-1061-469F-A3F1-870E5A2CF2C0}.Release|Any CPU.Build.0 = Release|Any CPU
		{CF30F6D6-4A20-40E5-BFBD-5FE7B0C56B2D}.Debug|Any CPU.ActiveCfg = Debug|Any CPU
		{CF30F6D6-4A20-40E5-BFBD-5FE7B0C56B2D}.Debug|Any CPU.Build.0 = Debug|Any CPU
		{CF30F6D6-4A20-40E5-BFBD-5FE7B0C56B2D}.Release|Any CPU.ActiveCfg = Release|Any CPU
		{CF30F6D6-4A20-40E5-BFBD-5FE7B0C56B2D}.Release|Any CPU.Build.0 = Release|Any CPU
		{A2F425C1-6842-4720-BF86-0756D6C80F45}.Debug|Any CPU.ActiveCfg = Debug|Any CPU
		{A2F425C1-6842-4720-BF86-0756D6C80F45}.Debug|Any CPU.Build.0 = Debug|Any CPU
		{A2F425C1-6842-4720-BF86-0756D6C80F45}.Release|Any CPU.ActiveCfg = Release|Any CPU
		{A2F425C1-6842-4720-BF86-0756D6C80F45}.Release|Any CPU.Build.0 = Release|Any CPU
		{8C09EEC8-3BA8-4D58-8662-D39A53F432CE}.Debug|Any CPU.ActiveCfg = Debug|Any CPU
		{8C09EEC8-3BA8-4D58-8662-D39A53F432CE}.Debug|Any CPU.Build.0 = Debug|Any CPU
		{8C09EEC8-3BA8-4D58-8662-D39A53F432CE}.Release|Any CPU.ActiveCfg = Release|Any CPU
		{8C09EEC8-3BA8-4D58-8662-D39A53F432CE}.Release|Any CPU.Build.0 = Release|Any CPU
		{929288BA-0986-48C6-A2B7-CD5DE5311B0D}.Debug|Any CPU.ActiveCfg = Debug|Any CPU
		{929288BA-0986-48C6-A2B7-CD5DE5311B0D}.Debug|Any CPU.Build.0 = Debug|Any CPU
		{929288BA-0986-48C6-A2B7-CD5DE5311B0D}.Release|Any CPU.ActiveCfg = Release|Any CPU
		{929288BA-0986-48C6-A2B7-CD5DE5311B0D}.Release|Any CPU.Build.0 = Release|Any CPU
		{1227DCAF-997E-4F04-B1ED-5445BB16E090}.Debug|Any CPU.ActiveCfg = Debug|Any CPU
		{1227DCAF-997E-4F04-B1ED-5445BB16E090}.Debug|Any CPU.Build.0 = Debug|Any CPU
		{1227DCAF-997E-4F04-B1ED-5445BB16E090}.Release|Any CPU.ActiveCfg = Release|Any CPU
		{1227DCAF-997E-4F04-B1ED-5445BB16E090}.Release|Any CPU.Build.0 = Release|Any CPU
		{60937780-5F7E-47A3-A209-A1DE9D8E1041}.Debug|Any CPU.ActiveCfg = Debug|Any CPU
		{60937780-5F7E-47A3-A209-A1DE9D8E1041}.Debug|Any CPU.Build.0 = Debug|Any CPU
		{60937780-5F7E-47A3-A209-A1DE9D8E1041}.Release|Any CPU.ActiveCfg = Release|Any CPU
		{60937780-5F7E-47A3-A209-A1DE9D8E1041}.Release|Any CPU.Build.0 = Release|Any CPU
		{A01A1D03-A460-40B4-BF95-25F53A05B6FF}.Debug|Any CPU.ActiveCfg = Debug|Any CPU
		{A01A1D03-A460-40B4-BF95-25F53A05B6FF}.Debug|Any CPU.Build.0 = Debug|Any CPU
		{A01A1D03-A460-40B4-BF95-25F53A05B6FF}.Release|Any CPU.ActiveCfg = Release|Any CPU
		{A01A1D03-A460-40B4-BF95-25F53A05B6FF}.Release|Any CPU.Build.0 = Release|Any CPU
		{B6C6DB2F-6303-4D76-915A-3267B615A447}.Debug|Any CPU.ActiveCfg = Debug|Any CPU
		{B6C6DB2F-6303-4D76-915A-3267B615A447}.Debug|Any CPU.Build.0 = Debug|Any CPU
		{B6C6DB2F-6303-4D76-915A-3267B615A447}.Release|Any CPU.ActiveCfg = Release|Any CPU
		{B6C6DB2F-6303-4D76-915A-3267B615A447}.Release|Any CPU.Build.0 = Release|Any CPU
		{BD40D943-AAAD-4C47-9DF5-AEA79A22EEA4}.Debug|Any CPU.ActiveCfg = Debug|Any CPU
		{BD40D943-AAAD-4C47-9DF5-AEA79A22EEA4}.Debug|Any CPU.Build.0 = Debug|Any CPU
		{BD40D943-AAAD-4C47-9DF5-AEA79A22EEA4}.Release|Any CPU.ActiveCfg = Release|Any CPU
		{BD40D943-AAAD-4C47-9DF5-AEA79A22EEA4}.Release|Any CPU.Build.0 = Release|Any CPU
		{13B9DB4F-05E6-4B5E-B9E7-58A75BB8AE39}.Debug|Any CPU.ActiveCfg = Debug|Any CPU
		{13B9DB4F-05E6-4B5E-B9E7-58A75BB8AE39}.Debug|Any CPU.Build.0 = Debug|Any CPU
		{13B9DB4F-05E6-4B5E-B9E7-58A75BB8AE39}.Release|Any CPU.ActiveCfg = Release|Any CPU
		{13B9DB4F-05E6-4B5E-B9E7-58A75BB8AE39}.Release|Any CPU.Build.0 = Release|Any CPU
		{3E0D3B55-63CB-4C2A-8670-3C0D0769791A}.Debug|Any CPU.ActiveCfg = Debug|Any CPU
		{3E0D3B55-63CB-4C2A-8670-3C0D0769791A}.Debug|Any CPU.Build.0 = Debug|Any CPU
		{3E0D3B55-63CB-4C2A-8670-3C0D0769791A}.Release|Any CPU.ActiveCfg = Release|Any CPU
		{3E0D3B55-63CB-4C2A-8670-3C0D0769791A}.Release|Any CPU.Build.0 = Release|Any CPU
		{454E2DF2-7332-4669-A770-06702C52E6AD}.Debug|Any CPU.ActiveCfg = Debug|Any CPU
		{454E2DF2-7332-4669-A770-06702C52E6AD}.Debug|Any CPU.Build.0 = Debug|Any CPU
		{454E2DF2-7332-4669-A770-06702C52E6AD}.Release|Any CPU.ActiveCfg = Release|Any CPU
		{454E2DF2-7332-4669-A770-06702C52E6AD}.Release|Any CPU.Build.0 = Release|Any CPU
		{94436DB1-1DA6-408A-AD84-D086DA61E67F}.Debug|Any CPU.ActiveCfg = Debug|Any CPU
		{94436DB1-1DA6-408A-AD84-D086DA61E67F}.Debug|Any CPU.Build.0 = Debug|Any CPU
		{94436DB1-1DA6-408A-AD84-D086DA61E67F}.Release|Any CPU.ActiveCfg = Release|Any CPU
		{94436DB1-1DA6-408A-AD84-D086DA61E67F}.Release|Any CPU.Build.0 = Release|Any CPU
		{53744137-A83B-4C80-91B7-569BFD7145F3}.Debug|Any CPU.ActiveCfg = Debug|Any CPU
		{53744137-A83B-4C80-91B7-569BFD7145F3}.Debug|Any CPU.Build.0 = Debug|Any CPU
		{53744137-A83B-4C80-91B7-569BFD7145F3}.Release|Any CPU.ActiveCfg = Release|Any CPU
		{53744137-A83B-4C80-91B7-569BFD7145F3}.Release|Any CPU.Build.0 = Release|Any CPU
		{6531B93F-2DAA-4EBE-8FC0-B07585DF4F96}.Debug|Any CPU.ActiveCfg = Debug|Any CPU
		{6531B93F-2DAA-4EBE-8FC0-B07585DF4F96}.Debug|Any CPU.Build.0 = Debug|Any CPU
		{6531B93F-2DAA-4EBE-8FC0-B07585DF4F96}.Release|Any CPU.ActiveCfg = Release|Any CPU
		{6531B93F-2DAA-4EBE-8FC0-B07585DF4F96}.Release|Any CPU.Build.0 = Release|Any CPU
		{B433EFE6-58A9-4869-B1CF-A68EB208DF6D}.Debug|Any CPU.ActiveCfg = Debug|Any CPU
		{B433EFE6-58A9-4869-B1CF-A68EB208DF6D}.Debug|Any CPU.Build.0 = Debug|Any CPU
		{B433EFE6-58A9-4869-B1CF-A68EB208DF6D}.Release|Any CPU.ActiveCfg = Release|Any CPU
		{B433EFE6-58A9-4869-B1CF-A68EB208DF6D}.Release|Any CPU.Build.0 = Release|Any CPU
		{987D7967-26A7-4938-97A9-0AD2E220443C}.Debug|Any CPU.ActiveCfg = Debug|Any CPU
		{987D7967-26A7-4938-97A9-0AD2E220443C}.Debug|Any CPU.Build.0 = Debug|Any CPU
		{987D7967-26A7-4938-97A9-0AD2E220443C}.Release|Any CPU.ActiveCfg = Release|Any CPU
		{987D7967-26A7-4938-97A9-0AD2E220443C}.Release|Any CPU.Build.0 = Release|Any CPU
		{45C7D50A-6C73-4185-BB61-3C7C59DFE060}.Debug|Any CPU.ActiveCfg = Debug|Any CPU
		{45C7D50A-6C73-4185-BB61-3C7C59DFE060}.Debug|Any CPU.Build.0 = Debug|Any CPU
		{45C7D50A-6C73-4185-BB61-3C7C59DFE060}.Release|Any CPU.ActiveCfg = Release|Any CPU
		{45C7D50A-6C73-4185-BB61-3C7C59DFE060}.Release|Any CPU.Build.0 = Release|Any CPU
		{C4C79A31-A91B-47C6-9611-4C88B99B1A56}.Debug|Any CPU.ActiveCfg = Debug|Any CPU
		{C4C79A31-A91B-47C6-9611-4C88B99B1A56}.Debug|Any CPU.Build.0 = Debug|Any CPU
		{C4C79A31-A91B-47C6-9611-4C88B99B1A56}.Release|Any CPU.ActiveCfg = Release|Any CPU
		{C4C79A31-A91B-47C6-9611-4C88B99B1A56}.Release|Any CPU.Build.0 = Release|Any CPU
		{8A39BA8B-7D6C-4100-AFF0-6484743BFC64}.Debug|Any CPU.ActiveCfg = Debug|Any CPU
		{8A39BA8B-7D6C-4100-AFF0-6484743BFC64}.Debug|Any CPU.Build.0 = Debug|Any CPU
		{8A39BA8B-7D6C-4100-AFF0-6484743BFC64}.Release|Any CPU.ActiveCfg = Release|Any CPU
		{8A39BA8B-7D6C-4100-AFF0-6484743BFC64}.Release|Any CPU.Build.0 = Release|Any CPU
		{D74E4C71-4C89-4F44-80D0-18DFC88A4F90}.Debug|Any CPU.ActiveCfg = Debug|Any CPU
		{D74E4C71-4C89-4F44-80D0-18DFC88A4F90}.Debug|Any CPU.Build.0 = Debug|Any CPU
		{D74E4C71-4C89-4F44-80D0-18DFC88A4F90}.Release|Any CPU.ActiveCfg = Release|Any CPU
		{D74E4C71-4C89-4F44-80D0-18DFC88A4F90}.Release|Any CPU.Build.0 = Release|Any CPU
		{8C87A95F-0D9D-454D-91F9-A1EE99858EFA}.Debug|Any CPU.ActiveCfg = Debug|Any CPU
		{8C87A95F-0D9D-454D-91F9-A1EE99858EFA}.Debug|Any CPU.Build.0 = Debug|Any CPU
		{8C87A95F-0D9D-454D-91F9-A1EE99858EFA}.Release|Any CPU.ActiveCfg = Release|Any CPU
		{8C87A95F-0D9D-454D-91F9-A1EE99858EFA}.Release|Any CPU.Build.0 = Release|Any CPU
	EndGlobalSection
	GlobalSection(SolutionProperties) = preSolution
		HideSolutionNode = FALSE
	EndGlobalSection
	GlobalSection(ExtensibilityGlobals) = postSolution
		SolutionGuid = {A7791858-CECF-4AFB-A23C-9ACE5A086DA3}
	EndGlobalSection
EndGlobal
