
Microsoft Visual Studio Solution File, Format Version 12.00
# Visual Studio Version 17
VisualStudioVersion = 17.0.31903.59
MinimumVisualStudioVersion = 10.0.40219.1
Project("{FAE04EC0-301F-11D3-BF4B-00C04F79EFBC}") = "Exercicio1", "Exercicio1\Exercicio1.csproj", "{96F4DB42-1061-469F-A3F1-870E5A2CF2C0}"
EndProject
Project("{FAE04EC0-301F-11D3-BF4B-00C04F79EFBC}") = "Exercicio2", "Exercicio2\Exercicio2.csproj", "{CF30F6D6-4A20-40E5-BFBD-5FE7B0C56B2D}"
EndProject
Project("{FAE04EC0-301F-11D3-BF4B-00C04F79EFBC}") = "Exercicio3", "Exercicio3\Exercicio3.csproj", "{A2F425C1-6842-4720-BF86-0756D6C80F45}"
EndProject
Project("{FAE04EC0-301F-11D3-BF4B-00C04F79EFBC}") = "Exercicio4", "Exercicio4\Exercicio4.csproj", "{8C09EEC8-3BA8-4D58-8662-D39A53F432CE}"
EndProject
Project("{FAE04EC0-301F-11D3-BF4B-00C04F79EFBC}") = "Exercicio5", "Exercicio5\Exercicio5.csproj", "{929288BA-0986-48C6-A2B7-CD5DE5311B0D}"
EndProject
Global
	GlobalSection(SolutionConfigurationPlatforms) = preSolution
		Debug|Any CPU = Debug|Any CPU
		Release|Any CPU = Release|Any CPU
	EndGlobalSection
	GlobalSection(ProjectConfigurationPlatforms) = postSolution
		{96F4DB42-1061-469F-A3F1-870E5A2CF2C0}.Debug|Any CPU.ActiveCfg = Debug|Any CPU
		{96F4DB42-1061-469F-A3F1-870E5A2CF2C0}.Debug|Any CPU.Build.0 = Debug|Any CPU
		{96F4DB42-1061-469F-A3F1-870E5A2CF2C0}.Release|Any CPU.ActiveCfg = Release|Any CPU
		{96F4DB42-1061-469F-A3F1-870E5A2CF2C0}.Release|Any CPU.Build.0 = Release|Any CPU
		{CF30F6D6-4A20-40E5-BFBD-5FE7B0C56B2D}.Debug|Any CPU.ActiveCfg = Debug|Any CPU
		{CF30F6D6-4A20-40E5-BFBD-5FE7B0C56B2D}.Debug|Any CPU.Build.0 = Debug|Any CPU
		{CF30F6D6-4A20-40E5-BFBD-5FE7B0C56B2D}.Release|Any CPU.ActiveCfg = Release|Any CPU
		{CF30F6D6-4A20-40E5-BFBD-5FE7B0C56B2D}.Release|Any CPU.Build.0 = Release|Any CPU
		{A2F425C1-6842-4720-BF86-0756D6C80F45}.Debug|Any CPU.ActiveCfg = Debug|Any CPU
		{A2F425C1-6842-4720-BF86-0756D6C80F45}.Debug|Any CPU.Build.0 = Debug|Any CPU
		{A2F425C1-6842-4720-BF86-0756D6C80F45}.Release|Any CPU.ActiveCfg = Release|Any CPU
		{A2F425C1-6842-4720-BF86-0756D6C80F45}.Release|Any CPU.Build.0 = Release|Any CPU
		{8C09EEC8-3BA8-4D58-8662-D39A53F432CE}.Debug|Any CPU.ActiveCfg = Debug|Any CPU
		{8C09EEC8-3BA8-4D58-8662-D39A53F432CE}.Debug|Any CPU.Build.0 = Debug|Any CPU
		{8C09EEC8-3BA8-4D58-8662-D39A53F432CE}.Release|Any CPU.ActiveCfg = Release|Any CPU
		{8C09EEC8-3BA8-4D58-8662-D39A53F432CE}.Release|Any CPU.Build.0 = Release|Any CPU
		{929288BA-0986-48C6-A2B7-CD5DE5311B0D}.Debug|Any CPU.ActiveCfg = Debug|Any CPU
		{929288BA-0986-48C6-A2B7-CD5DE5311B0D}.Debug|Any CPU.Build.0 = Debug|Any CPU
		{929288BA-0986-48C6-A2B7-CD5DE5311B0D}.Release|Any CPU.ActiveCfg = Release|Any CPU
		{929288BA-0986-48C6-A2B7-CD5DE5311B0D}.Release|Any CPU.Build.0 = Release|Any CPU
	EndGlobalSection
	GlobalSection(SolutionProperties) = preSolution
		HideSolutionNode = FALSE
	EndGlobalSection
	GlobalSection(ExtensibilityGlobals) = postSolution
		SolutionGuid = {A7791858-CECF-4AFB-A23C-9ACE5A086DA3}
	EndGlobalSection
EndGlobal
